
Microsoft Visual Studio Solution File, Format Version 12.00
# Visual Studio Version 16
VisualStudioVersion = 16.0.29519.87
MinimumVisualStudioVersion = 10.0.40219.1
Project("{9A19103F-16F7-4668-BE54-9A1E7A4F7556}") = "BaseSimulator", "BaseSimulator\BaseSimulator.csproj", "{6DCEDDFC-FEC0-405E-9BCF-AA91D748E28B}"
EndProject
Global
	GlobalSection(SolutionConfigurationPlatforms) = preSolution
		Debug|Any CPU = Debug|Any CPU
		Release|Any CPU = Release|Any CPU
	EndGlobalSection
	GlobalSection(ProjectConfigurationPlatforms) = postSolution
		{6DCEDDFC-FEC0-405E-9BCF-AA91D748E28B}.Debug|Any CPU.ActiveCfg = Debug|Any CPU
		{6DCEDDFC-FEC0-405E-9BCF-AA91D748E28B}.Debug|Any CPU.Build.0 = Debug|Any CPU
		{6DCEDDFC-FEC0-405E-9BCF-AA91D748E28B}.Release|Any CPU.ActiveCfg = Release|Any CPU
		{6DCEDDFC-FEC0-405E-9BCF-AA91D748E28B}.Release|Any CPU.Build.0 = Release|Any CPU
	EndGlobalSection
	GlobalSection(SolutionProperties) = preSolution
		HideSolutionNode = FALSE
	EndGlobalSection
	GlobalSection(ExtensibilityGlobals) = postSolution
		SolutionGuid = {FDF25085-F1A0-4C83-8C6D-F496D30C630B}
	EndGlobalSection
EndGlobal
